// !$*UTF8*$!
{
	archiveVersion = 1;
	classes = {
	};
	objectVersion = 50;
	objects = {

/* Begin PBXBuildFile section */
		6A9CA4F9E9D3E08760A31E89 /* Pods_Test_JSON.framework in Frameworks */ = {isa = PBXBuildFile; fileRef = 3AA196BE4B078069EF3377C7 /* Pods_Test_JSON.framework */; };
		D94A59E5211327DE00B47A3A /* AppDelegate.swift in Sources */ = {isa = PBXBuildFile; fileRef = D94A59E4211327DE00B47A3A /* AppDelegate.swift */; };
		D94A59E7211327DE00B47A3A /* MainViewController.swift in Sources */ = {isa = PBXBuildFile; fileRef = D94A59E6211327DE00B47A3A /* MainViewController.swift */; };
		D94A59EA211327DF00B47A3A /* Main.storyboard in Resources */ = {isa = PBXBuildFile; fileRef = D94A59E8211327DE00B47A3A /* Main.storyboard */; };
		D94A59EC211327E100B47A3A /* Assets.xcassets in Resources */ = {isa = PBXBuildFile; fileRef = D94A59EB211327E100B47A3A /* Assets.xcassets */; };
		D94A59EF211327E100B47A3A /* LaunchScreen.storyboard in Resources */ = {isa = PBXBuildFile; fileRef = D94A59ED211327E100B47A3A /* LaunchScreen.storyboard */; };
		D971A15321142297005C468B /* TJPerson.swift in Sources */ = {isa = PBXBuildFile; fileRef = D971A15221142297005C468B /* TJPerson.swift */; };
		D971A15621142A15005C468B /* TJWebAPI.swift in Sources */ = {isa = PBXBuildFile; fileRef = D971A15521142A15005C468B /* TJWebAPI.swift */; };
		D971A15821142B6F005C468B /* TJWebAPIContstants.swift in Sources */ = {isa = PBXBuildFile; fileRef = D971A15721142B6F005C468B /* TJWebAPIContstants.swift */; };
/* End PBXBuildFile section */

/* Begin PBXFileReference section */
		3AA196BE4B078069EF3377C7 /* Pods_Test_JSON.framework */ = {isa = PBXFileReference; explicitFileType = wrapper.framework; includeInIndex = 0; path = Pods_Test_JSON.framework; sourceTree = BUILT_PRODUCTS_DIR; };
		AFDD3105C5E9A77BE30E0ADC /* Pods-Test-JSON.release.xcconfig */ = {isa = PBXFileReference; includeInIndex = 1; lastKnownFileType = text.xcconfig; name = "Pods-Test-JSON.release.xcconfig"; path = "Pods/Target Support Files/Pods-Test-JSON/Pods-Test-JSON.release.xcconfig"; sourceTree = "<group>"; };
		D94A59E1211327DE00B47A3A /* Test-JSON.app */ = {isa = PBXFileReference; explicitFileType = wrapper.application; includeInIndex = 0; path = "Test-JSON.app"; sourceTree = BUILT_PRODUCTS_DIR; };
		D94A59E4211327DE00B47A3A /* AppDelegate.swift */ = {isa = PBXFileReference; lastKnownFileType = sourcecode.swift; path = AppDelegate.swift; sourceTree = "<group>"; };
		D94A59E6211327DE00B47A3A /* MainViewController.swift */ = {isa = PBXFileReference; lastKnownFileType = sourcecode.swift; path = MainViewController.swift; sourceTree = "<group>"; };
		D94A59E9211327DF00B47A3A /* Base */ = {isa = PBXFileReference; lastKnownFileType = file.storyboard; name = Base; path = Base.lproj/Main.storyboard; sourceTree = "<group>"; };
		D94A59EB211327E100B47A3A /* Assets.xcassets */ = {isa = PBXFileReference; lastKnownFileType = folder.assetcatalog; path = Assets.xcassets; sourceTree = "<group>"; };
		D94A59EE211327E100B47A3A /* Base */ = {isa = PBXFileReference; lastKnownFileType = file.storyboard; name = Base; path = Base.lproj/LaunchScreen.storyboard; sourceTree = "<group>"; };
		D94A59F0211327E100B47A3A /* Info.plist */ = {isa = PBXFileReference; lastKnownFileType = text.plist.xml; path = Info.plist; sourceTree = "<group>"; };
		D971A15221142297005C468B /* TJPerson.swift */ = {isa = PBXFileReference; lastKnownFileType = sourcecode.swift; path = TJPerson.swift; sourceTree = "<group>"; };
		D971A15521142A15005C468B /* TJWebAPI.swift */ = {isa = PBXFileReference; lastKnownFileType = sourcecode.swift; path = TJWebAPI.swift; sourceTree = "<group>"; };
		D971A15721142B6F005C468B /* TJWebAPIContstants.swift */ = {isa = PBXFileReference; lastKnownFileType = sourcecode.swift; path = TJWebAPIContstants.swift; sourceTree = "<group>"; };
		EC201BB45599FA32520C486D /* Pods-Test-JSON.debug.xcconfig */ = {isa = PBXFileReference; includeInIndex = 1; lastKnownFileType = text.xcconfig; name = "Pods-Test-JSON.debug.xcconfig"; path = "Pods/Target Support Files/Pods-Test-JSON/Pods-Test-JSON.debug.xcconfig"; sourceTree = "<group>"; };
/* End PBXFileReference section */

/* Begin PBXFrameworksBuildPhase section */
		D94A59DE211327DE00B47A3A /* Frameworks */ = {
			isa = PBXFrameworksBuildPhase;
			buildActionMask = 2147483647;
			files = (
				6A9CA4F9E9D3E08760A31E89 /* Pods_Test_JSON.framework in Frameworks */,
			);
			runOnlyForDeploymentPostprocessing = 0;
		};
/* End PBXFrameworksBuildPhase section */

/* Begin PBXGroup section */
		3F72B8CF62D68AD2A0F1CD42 /* Frameworks */ = {
			isa = PBXGroup;
			children = (
				3AA196BE4B078069EF3377C7 /* Pods_Test_JSON.framework */,
			);
			name = Frameworks;
			sourceTree = "<group>";
		};
		53EB139536863A9CACCDD4B7 /* Pods */ = {
			isa = PBXGroup;
			children = (
				EC201BB45599FA32520C486D /* Pods-Test-JSON.debug.xcconfig */,
				AFDD3105C5E9A77BE30E0ADC /* Pods-Test-JSON.release.xcconfig */,
			);
			name = Pods;
			sourceTree = "<group>";
		};
		D94A59D8211327DE00B47A3A = {
			isa = PBXGroup;
			children = (
				D94A59E3211327DE00B47A3A /* Test-JSON */,
				D94A59E2211327DE00B47A3A /* Products */,
				53EB139536863A9CACCDD4B7 /* Pods */,
				3F72B8CF62D68AD2A0F1CD42 /* Frameworks */,
			);
			sourceTree = "<group>";
		};
		D94A59E2211327DE00B47A3A /* Products */ = {
			isa = PBXGroup;
			children = (
				D94A59E1211327DE00B47A3A /* Test-JSON.app */,
			);
			name = Products;
			sourceTree = "<group>";
		};
		D94A59E3211327DE00B47A3A /* Test-JSON */ = {
			isa = PBXGroup;
			children = (
				D971A154211429FF005C468B /* WebAPI */,
				D971A15121142260005C468B /* Models */,
				D971A14F2114218F005C468B /* ViewControllers */,
				D971A14E21142182005C468B /* AppDelegate */,
				D94A59E8211327DE00B47A3A /* Main.storyboard */,
				D94A59EB211327E100B47A3A /* Assets.xcassets */,
				D94A59ED211327E100B47A3A /* LaunchScreen.storyboard */,
				D94A59F0211327E100B47A3A /* Info.plist */,
			);
			path = "Test-JSON";
			sourceTree = "<group>";
		};
		D971A14E21142182005C468B /* AppDelegate */ = {
			isa = PBXGroup;
			children = (
				D94A59E4211327DE00B47A3A /* AppDelegate.swift */,
			);
			path = AppDelegate;
			sourceTree = "<group>";
		};
		D971A14F2114218F005C468B /* ViewControllers */ = {
			isa = PBXGroup;
			children = (
				D971A1502114219A005C468B /* MainVC */,
			);
			path = ViewControllers;
			sourceTree = "<group>";
		};
		D971A1502114219A005C468B /* MainVC */ = {
			isa = PBXGroup;
			children = (
				D94A59E6211327DE00B47A3A /* MainViewController.swift */,
			);
			path = MainVC;
			sourceTree = "<group>";
		};
		D971A15121142260005C468B /* Models */ = {
			isa = PBXGroup;
			children = (
				D971A15221142297005C468B /* TJPerson.swift */,
			);
			path = Models;
			sourceTree = "<group>";
		};
		D971A154211429FF005C468B /* WebAPI */ = {
			isa = PBXGroup;
			children = (
				D971A15521142A15005C468B /* TJWebAPI.swift */,
				D971A15721142B6F005C468B /* TJWebAPIContstants.swift */,
			);
			path = WebAPI;
			sourceTree = "<group>";
		};
/* End PBXGroup section */

/* Begin PBXNativeTarget section */
		D94A59E0211327DE00B47A3A /* Test-JSON */ = {
			isa = PBXNativeTarget;
			buildConfigurationList = D94A59F3211327E100B47A3A /* Build configuration list for PBXNativeTarget "Test-JSON" */;
			buildPhases = (
				D91FFAA61D86857D2796CBBA /* [CP] Check Pods Manifest.lock */,
				D94A59DD211327DE00B47A3A /* Sources */,
				D94A59DE211327DE00B47A3A /* Frameworks */,
				D94A59DF211327DE00B47A3A /* Resources */,
				645348512977C0DEC51BF1F2 /* [CP] Embed Pods Frameworks */,
				B0D74E6DCEF74C9B27ACCCD7 /* [CP] Copy Pods Resources */,
			);
			buildRules = (
			);
			dependencies = (
			);
			name = "Test-JSON";
			productName = "Test-JSON";
			productReference = D94A59E1211327DE00B47A3A /* Test-JSON.app */;
			productType = "com.apple.product-type.application";
		};
/* End PBXNativeTarget section */

/* Begin PBXProject section */
		D94A59D9211327DE00B47A3A /* Project object */ = {
			isa = PBXProject;
			attributes = {
				CLASSPREFIX = TJ;
				LastSwiftUpdateCheck = 0930;
				LastUpgradeCheck = 0930;
				ORGANIZATIONNAME = Midhun;
				TargetAttributes = {
					D94A59E0211327DE00B47A3A = {
						CreatedOnToolsVersion = 9.3.1;
					};
				};
			};
			buildConfigurationList = D94A59DC211327DE00B47A3A /* Build configuration list for PBXProject "Test-JSON" */;
			compatibilityVersion = "Xcode 9.3";
			developmentRegion = en;
			hasScannedForEncodings = 0;
			knownRegions = (
				en,
				Base,
			);
			mainGroup = D94A59D8211327DE00B47A3A;
			productRefGroup = D94A59E2211327DE00B47A3A /* Products */;
			projectDirPath = "";
			projectRoot = "";
			targets = (
				D94A59E0211327DE00B47A3A /* Test-JSON */,
			);
		};
/* End PBXProject section */

/* Begin PBXResourcesBuildPhase section */
		D94A59DF211327DE00B47A3A /* Resources */ = {
			isa = PBXResourcesBuildPhase;
			buildActionMask = 2147483647;
			files = (
				D94A59EF211327E100B47A3A /* LaunchScreen.storyboard in Resources */,
				D94A59EC211327E100B47A3A /* Assets.xcassets in Resources */,
				D94A59EA211327DF00B47A3A /* Main.storyboard in Resources */,
			);
			runOnlyForDeploymentPostprocessing = 0;
		};
/* End PBXResourcesBuildPhase section */

/* Begin PBXShellScriptBuildPhase section */
		645348512977C0DEC51BF1F2 /* [CP] Embed Pods Frameworks */ = {
			isa = PBXShellScriptBuildPhase;
			buildActionMask = 2147483647;
			files = (
			);
			inputPaths = (
				"${SRCROOT}/Pods/Target Support Files/Pods-Test-JSON/Pods-Test-JSON-frameworks.sh",
				"${BUILT_PRODUCTS_DIR}/NVActivityIndicatorView/NVActivityIndicatorView.framework",
				"${BUILT_PRODUCTS_DIR}/ReachabilitySwift/Reachability.framework",
				"${BUILT_PRODUCTS_DIR}/SwiftMessages/SwiftMessages.framework",
			);
			name = "[CP] Embed Pods Frameworks";
			outputPaths = (
				"${TARGET_BUILD_DIR}/${FRAMEWORKS_FOLDER_PATH}/NVActivityIndicatorView.framework",
				"${TARGET_BUILD_DIR}/${FRAMEWORKS_FOLDER_PATH}/Reachability.framework",
				"${TARGET_BUILD_DIR}/${FRAMEWORKS_FOLDER_PATH}/SwiftMessages.framework",
			);
			runOnlyForDeploymentPostprocessing = 0;
			shellPath = /bin/sh;
			shellScript = "\"${SRCROOT}/Pods/Target Support Files/Pods-Test-JSON/Pods-Test-JSON-frameworks.sh\"\n";
			showEnvVarsInLog = 0;
		};
		B0D74E6DCEF74C9B27ACCCD7 /* [CP] Copy Pods Resources */ = {
			isa = PBXShellScriptBuildPhase;
			buildActionMask = 2147483647;
			files = (
			);
			inputPaths = (
			);
			name = "[CP] Copy Pods Resources";
			outputPaths = (
			);
			runOnlyForDeploymentPostprocessing = 0;
			shellPath = /bin/sh;
			shellScript = "\"${SRCROOT}/Pods/Target Support Files/Pods-Test-JSON/Pods-Test-JSON-resources.sh\"\n";
			showEnvVarsInLog = 0;
		};
		D91FFAA61D86857D2796CBBA /* [CP] Check Pods Manifest.lock */ = {
			isa = PBXShellScriptBuildPhase;
			buildActionMask = 2147483647;
			files = (
			);
			inputPaths = (
				"${PODS_PODFILE_DIR_PATH}/Podfile.lock",
				"${PODS_ROOT}/Manifest.lock",
			);
			name = "[CP] Check Pods Manifest.lock";
			outputPaths = (
				"$(DERIVED_FILE_DIR)/Pods-Test-JSON-checkManifestLockResult.txt",
			);
			runOnlyForDeploymentPostprocessing = 0;
			shellPath = /bin/sh;
			shellScript = "diff \"${PODS_PODFILE_DIR_PATH}/Podfile.lock\" \"${PODS_ROOT}/Manifest.lock\" > /dev/null\nif [ $? != 0 ] ; then\n    # print error to STDERR\n    echo \"error: The sandbox is not in sync with the Podfile.lock. Run 'pod install' or update your CocoaPods installation.\" >&2\n    exit 1\nfi\n# This output is used by Xcode 'outputs' to avoid re-running this script phase.\necho \"SUCCESS\" > \"${SCRIPT_OUTPUT_FILE_0}\"\n";
			showEnvVarsInLog = 0;
		};
/* End PBXShellScriptBuildPhase section */

/* Begin PBXSourcesBuildPhase section */
		D94A59DD211327DE00B47A3A /* Sources */ = {
			isa = PBXSourcesBuildPhase;
			buildActionMask = 2147483647;
			files = (
				D971A15321142297005C468B /* TJPerson.swift in Sources */,
				D94A59E7211327DE00B47A3A /* MainViewController.swift in Sources */,
				D94A59E5211327DE00B47A3A /* AppDelegate.swift in Sources */,
				D971A15821142B6F005C468B /* TJWebAPIContstants.swift in Sources */,
				D971A15621142A15005C468B /* TJWebAPI.swift in Sources */,
			);
			runOnlyForDeploymentPostprocessing = 0;
		};
/* End PBXSourcesBuildPhase section */

/* Begin PBXVariantGroup section */
		D94A59E8211327DE00B47A3A /* Main.storyboard */ = {
			isa = PBXVariantGroup;
			children = (
				D94A59E9211327DF00B47A3A /* Base */,
			);
			name = Main.storyboard;
			sourceTree = "<group>";
		};
		D94A59ED211327E100B47A3A /* LaunchScreen.storyboard */ = {
			isa = PBXVariantGroup;
			children = (
				D94A59EE211327E100B47A3A /* Base */,
			);
			name = LaunchScreen.storyboard;
			sourceTree = "<group>";
		};
/* End PBXVariantGroup section */

/* Begin XCBuildConfiguration section */
		D94A59F1211327E100B47A3A /* Debug */ = {
			isa = XCBuildConfiguration;
			buildSettings = {
				ALWAYS_SEARCH_USER_PATHS = NO;
				CLANG_ANALYZER_NONNULL = YES;
				CLANG_ANALYZER_NUMBER_OBJECT_CONVERSION = YES_AGGRESSIVE;
				CLANG_CXX_LANGUAGE_STANDARD = "gnu++14";
				CLANG_CXX_LIBRARY = "libc++";
				CLANG_ENABLE_MODULES = YES;
				CLANG_ENABLE_OBJC_ARC = YES;
				CLANG_ENABLE_OBJC_WEAK = YES;
				CLANG_WARN_BLOCK_CAPTURE_AUTORELEASING = YES;
				CLANG_WARN_BOOL_CONVERSION = YES;
				CLANG_WARN_COMMA = YES;
				CLANG_WARN_CONSTANT_CONVERSION = YES;
				CLANG_WARN_DEPRECATED_OBJC_IMPLEMENTATIONS = YES;
				CLANG_WARN_DIRECT_OBJC_ISA_USAGE = YES_ERROR;
				CLANG_WARN_DOCUMENTATION_COMMENTS = YES;
				CLANG_WARN_EMPTY_BODY = YES;
				CLANG_WARN_ENUM_CONVERSION = YES;
				CLANG_WARN_INFINITE_RECURSION = YES;
				CLANG_WARN_INT_CONVERSION = YES;
				CLANG_WARN_NON_LITERAL_NULL_CONVERSION = YES;
				CLANG_WARN_OBJC_IMPLICIT_RETAIN_SELF = YES;
				CLANG_WARN_OBJC_LITERAL_CONVERSION = YES;
				CLANG_WARN_OBJC_ROOT_CLASS = YES_ERROR;
				CLANG_WARN_RANGE_LOOP_ANALYSIS = YES;
				CLANG_WARN_STRICT_PROTOTYPES = YES;
				CLANG_WARN_SUSPICIOUS_MOVE = YES;
				CLANG_WARN_UNGUARDED_AVAILABILITY = YES_AGGRESSIVE;
				CLANG_WARN_UNREACHABLE_CODE = YES;
				CLANG_WARN__DUPLICATE_METHOD_MATCH = YES;
				CODE_SIGN_IDENTITY = "iPhone Developer";
				COPY_PHASE_STRIP = NO;
				DEBUG_INFORMATION_FORMAT = dwarf;
				ENABLE_STRICT_OBJC_MSGSEND = YES;
				ENABLE_TESTABILITY = YES;
				GCC_C_LANGUAGE_STANDARD = gnu11;
				GCC_DYNAMIC_NO_PIC = NO;
				GCC_NO_COMMON_BLOCKS = YES;
				GCC_OPTIMIZATION_LEVEL = 0;
				GCC_PREPROCESSOR_DEFINITIONS = (
					"DEBUG=1",
					"$(inherited)",
				);
				GCC_WARN_64_TO_32_BIT_CONVERSION = YES;
				GCC_WARN_ABOUT_RETURN_TYPE = YES_ERROR;
				GCC_WARN_UNDECLARED_SELECTOR = YES;
				GCC_WARN_UNINITIALIZED_AUTOS = YES_AGGRESSIVE;
				GCC_WARN_UNUSED_FUNCTION = YES;
				GCC_WARN_UNUSED_VARIABLE = YES;
				IPHONEOS_DEPLOYMENT_TARGET = 11.3;
				MTL_ENABLE_DEBUG_INFO = YES;
				ONLY_ACTIVE_ARCH = YES;
				SDKROOT = iphoneos;
				SWIFT_ACTIVE_COMPILATION_CONDITIONS = DEBUG;
				SWIFT_OPTIMIZATION_LEVEL = "-Onone";
			};
			name = Debug;
		};
		D94A59F2211327E100B47A3A /* Release */ = {
			isa = XCBuildConfiguration;
			buildSettings = {
				ALWAYS_SEARCH_USER_PATHS = NO;
				CLANG_ANALYZER_NONNULL = YES;
				CLANG_ANALYZER_NUMBER_OBJECT_CONVERSION = YES_AGGRESSIVE;
				CLANG_CXX_LANGUAGE_STANDARD = "gnu++14";
				CLANG_CXX_LIBRARY = "libc++";
				CLANG_ENABLE_MODULES = YES;
				CLANG_ENABLE_OBJC_ARC = YES;
				CLANG_ENABLE_OBJC_WEAK = YES;
				CLANG_WARN_BLOCK_CAPTURE_AUTORELEASING = YES;
				CLANG_WARN_BOOL_CONVERSION = YES;
				CLANG_WARN_COMMA = YES;
				CLANG_WARN_CONSTANT_CONVERSION = YES;
				CLANG_WARN_DEPRECATED_OBJC_IMPLEMENTATIONS = YES;
				CLANG_WARN_DIRECT_OBJC_ISA_USAGE = YES_ERROR;
				CLANG_WARN_DOCUMENTATION_COMMENTS = YES;
				CLANG_WARN_EMPTY_BODY = YES;
				CLANG_WARN_ENUM_CONVERSION = YES;
				CLANG_WARN_INFINITE_RECURSION = YES;
				CLANG_WARN_INT_CONVERSION = YES;
				CLANG_WARN_NON_LITERAL_NULL_CONVERSION = YES;
				CLANG_WARN_OBJC_IMPLICIT_RETAIN_SELF = YES;
				CLANG_WARN_OBJC_LITERAL_CONVERSION = YES;
				CLANG_WARN_OBJC_ROOT_CLASS = YES_ERROR;
				CLANG_WARN_RANGE_LOOP_ANALYSIS = YES;
				CLANG_WARN_STRICT_PROTOTYPES = YES;
				CLANG_WARN_SUSPICIOUS_MOVE = YES;
				CLANG_WARN_UNGUARDED_AVAILABILITY = YES_AGGRESSIVE;
				CLANG_WARN_UNREACHABLE_CODE = YES;
				CLANG_WARN__DUPLICATE_METHOD_MATCH = YES;
				CODE_SIGN_IDENTITY = "iPhone Developer";
				COPY_PHASE_STRIP = NO;
				DEBUG_INFORMATION_FORMAT = "dwarf-with-dsym";
				ENABLE_NS_ASSERTIONS = NO;
				ENABLE_STRICT_OBJC_MSGSEND = YES;
				GCC_C_LANGUAGE_STANDARD = gnu11;
				GCC_NO_COMMON_BLOCKS = YES;
				GCC_WARN_64_TO_32_BIT_CONVERSION = YES;
				GCC_WARN_ABOUT_RETURN_TYPE = YES_ERROR;
				GCC_WARN_UNDECLARED_SELECTOR = YES;
				GCC_WARN_UNINITIALIZED_AUTOS = YES_AGGRESSIVE;
				GCC_WARN_UNUSED_FUNCTION = YES;
				GCC_WARN_UNUSED_VARIABLE = YES;
				IPHONEOS_DEPLOYMENT_TARGET = 11.3;
				MTL_ENABLE_DEBUG_INFO = NO;
				SDKROOT = iphoneos;
				SWIFT_COMPILATION_MODE = wholemodule;
				SWIFT_OPTIMIZATION_LEVEL = "-O";
				VALIDATE_PRODUCT = YES;
			};
			name = Release;
		};
		D94A59F4211327E100B47A3A /* Debug */ = {
			isa = XCBuildConfiguration;
			baseConfigurationReference = EC201BB45599FA32520C486D /* Pods-Test-JSON.debug.xcconfig */;
			buildSettings = {
				ASSETCATALOG_COMPILER_APPICON_NAME = AppIcon;
				CODE_SIGN_STYLE = Automatic;
				DEVELOPMENT_TEAM = UZJ3ABV58K;
				INFOPLIST_FILE = "Test-JSON/Info.plist";
				LD_RUNPATH_SEARCH_PATHS = (
					"$(inherited)",
					"@executable_path/Frameworks",
				);
				PRODUCT_BUNDLE_IDENTIFIER = "Midhun.Test-JSON";
				PRODUCT_NAME = "$(TARGET_NAME)";
				SWIFT_VERSION = 4.0;
				TARGETED_DEVICE_FAMILY = "1,2";
			};
			name = Debug;
		};
		D94A59F5211327E100B47A3A /* Release */ = {
			isa = XCBuildConfiguration;
			baseConfigurationReference = AFDD3105C5E9A77BE30E0ADC /* Pods-Test-JSON.release.xcconfig */;
			buildSettings = {
				ASSETCATALOG_COMPILER_APPICON_NAME = AppIcon;
				CODE_SIGN_STYLE = Automatic;
				DEVELOPMENT_TEAM = UZJ3ABV58K;
				INFOPLIST_FILE = "Test-JSON/Info.plist";
				LD_RUNPATH_SEARCH_PATHS = (
					"$(inherited)",
					"@executable_path/Frameworks",
				);
				PRODUCT_BUNDLE_IDENTIFIER = "Midhun.Test-JSON";
				PRODUCT_NAME = "$(TARGET_NAME)";
				SWIFT_VERSION = 4.0;
				TARGETED_DEVICE_FAMILY = "1,2";
			};
			name = Release;
		};
/* End XCBuildConfiguration section */

/* Begin XCConfigurationList section */
		D94A59DC211327DE00B47A3A /* Build configuration list for PBXProject "Test-JSON" */ = {
			isa = XCConfigurationList;
			buildConfigurations = (
				D94A59F1211327E100B47A3A /* Debug */,
				D94A59F2211327E100B47A3A /* Release */,
			);
			defaultConfigurationIsVisible = 0;
			defaultConfigurationName = Release;
		};
		D94A59F3211327E100B47A3A /* Build configuration list for PBXNativeTarget "Test-JSON" */ = {
			isa = XCConfigurationList;
			buildConfigurations = (
				D94A59F4211327E100B47A3A /* Debug */,
				D94A59F5211327E100B47A3A /* Release */,
			);
			defaultConfigurationIsVisible = 0;
			defaultConfigurationName = Release;
		};
/* End XCConfigurationList section */
	};
	rootObject = D94A59D9211327DE00B47A3A /* Project object */;
}
